
Microsoft Visual Studio Solution File, Format Version 12.00
# Visual Studio Version 16
VisualStudioVersion = 16.0.30503.244
MinimumVisualStudioVersion = 10.0.40219.1
Project("{FAE04EC0-301F-11D3-BF4B-00C04F79EFBC}") = "HEncrypt", "HEncrypt\HEncrypt.csproj", "{57097D14-EBE9-4C6F-BEAD-2FA093538AAE}"
EndProject
Global
	GlobalSection(SolutionConfigurationPlatforms) = preSolution
		Debug|Any CPU = Debug|Any CPU
		Release|Any CPU = Release|Any CPU
	EndGlobalSection
	GlobalSection(ProjectConfigurationPlatforms) = postSolution
		{57097D14-EBE9-4C6F-BEAD-2FA093538AAE}.Debug|Any CPU.ActiveCfg = Debug|Any CPU
		{57097D14-EBE9-4C6F-BEAD-2FA093538AAE}.Debug|Any CPU.Build.0 = Debug|Any CPU
		{57097D14-EBE9-4C6F-BEAD-2FA093538AAE}.Release|Any CPU.ActiveCfg = Release|Any CPU
		{57097D14-EBE9-4C6F-BEAD-2FA093538AAE}.Release|Any CPU.Build.0 = Release|Any CPU
	EndGlobalSection
	GlobalSection(SolutionProperties) = preSolution
		HideSolutionNode = FALSE
	EndGlobalSection
	GlobalSection(ExtensibilityGlobals) = postSolution
		SolutionGuid = {8DE7C104-933A-4227-8EAA-B9A9CE79C0B7}
	EndGlobalSection
EndGlobal
